
Microsoft Visual Studio Solution File, Format Version 12.00
# Visual Studio 2012
Project("{FAE04EC0-301F-11D3-BF4B-00C04F79EFBC}") = "3Dogs1Movie", "3Dogs1Movie\3Dogs1Movie.csproj", "{4AB6518D-28BA-49CF-ACEA-4FC53B8819B0}"
EndProject
Project("{FAE04EC0-301F-11D3-BF4B-00C04F79EFBC}") = "3Dogs1Movie.Tests", "3Dogs1Movie.Tests\3Dogs1Movie.Tests.csproj", "{2D61A724-855A-4CA1-8176-EBCFA29F23FD}"
EndProject
Global
	GlobalSection(SolutionConfigurationPlatforms) = preSolution
		Debug|Any CPU = Debug|Any CPU
		Release|Any CPU = Release|Any CPU
	EndGlobalSection
	GlobalSection(ProjectConfigurationPlatforms) = postSolution
		{4AB6518D-28BA-49CF-ACEA-4FC53B8819B0}.Debug|Any CPU.ActiveCfg = Debug|Any CPU
		{4AB6518D-28BA-49CF-ACEA-4FC53B8819B0}.Debug|Any CPU.Build.0 = Debug|Any CPU
		{4AB6518D-28BA-49CF-ACEA-4FC53B8819B0}.Release|Any CPU.ActiveCfg = Release|Any CPU
		{4AB6518D-28BA-49CF-ACEA-4FC53B8819B0}.Release|Any CPU.Build.0 = Release|Any CPU
		{2D61A724-855A-4CA1-8176-EBCFA29F23FD}.Debug|Any CPU.ActiveCfg = Debug|Any CPU
		{2D61A724-855A-4CA1-8176-EBCFA29F23FD}.Debug|Any CPU.Build.0 = Debug|Any CPU
		{2D61A724-855A-4CA1-8176-EBCFA29F23FD}.Release|Any CPU.ActiveCfg = Release|Any CPU
		{2D61A724-855A-4CA1-8176-EBCFA29F23FD}.Release|Any CPU.Build.0 = Release|Any CPU
	EndGlobalSection
	GlobalSection(SolutionProperties) = preSolution
		HideSolutionNode = FALSE
	EndGlobalSection
EndGlobal
